<?xml version="1.0" encoding="utf-8"?>
<Project ToolsVersion="4.0" xmlns="http://schemas.microsoft.com/developer/msbuild/2003">
  <ItemGroup>
    <Filter Include="Source Files">
      <UniqueIdentifier>{4FC737F1-C7A5-4376-A066-2A32D752A2FF}</UniqueIdentifier>
      <Extensions>cpp;c;cc;cxx;def;odl;idl;hpj;bat;asm;asmx</Extensions>
    </Filter>
    <Filter Include="Header Files">
      <UniqueIdentifier>{93995380-89BD-4b04-88EB-625FBE52EBFB}</UniqueIdentifier>
      <Extensions>h;hpp;hxx;hm;inl;inc;xsd</Extensions>
    </Filter>
    <Filter Include="Resource Files">
      <UniqueIdentifier>{67DA6AB6-F800-4c08-8B7A-83BB121AAD01}</UniqueIdentifier>
      <Extensions>rc;ico;cur;bmp;dlg;rc2;rct;bin;rgs;gif;jpg;jpeg;jpe;resx;tiff;tif;png;wav;mfcribbon-ms</Extensions>
    </Filter>
  </ItemGroup>
  <ItemGroup>
    <ClCompile Include="render_framework\effect.cpp">
      <Filter>Source Files</Filter>
    </ClCompile>
    <ClCompile Include="render_framework\geometry.cpp">
      <Filter>Source Files</Filter>
    </ClCompile>
    <ClCompile Include="render_framework\light.cpp">
      <Filter>Source Files</Filter>
    </ClCompile>
    <ClCompile Include="render_framework\material.cpp">
      <Filter>Source Files</Filter>
    </ClCompile>
    <ClCompile Include="render_framework\model.cpp">
      <Filter>Source Files</Filter>
    </ClCompile>
    <ClCompile Include="render_framework\renderer.cpp">
      <Filter>Source Files</Filter>
    </ClCompile>
    <ClCompile Include="render_framework\scene.cpp">
      <Filter>Source Files</Filter>
    </ClCompile>
    <ClCompile Include="render_framework\terrain.cpp">
      <Filter>Source Files</Filter>
    </ClCompile>
    <ClCompile Include="render_framework\texture.cpp">
      <Filter>Source Files</Filter>
    </ClCompile>
    <ClCompile Include="render_framework\util.cpp">
      <Filter>Source Files</Filter>
    </ClCompile>
    <ClCompile Include="render_framework\camera.cpp">
      <Filter>Source Files</Filter>
    </ClCompile>
    <ClCompile Include="render_framework\content_manager.cpp">
      <Filter>Source Files</Filter>
    </ClCompile>
  </ItemGroup>
  <ItemGroup>
    <ClInclude Include="render_framework\effect.h">
      <Filter>Header Files</Filter>
    </ClInclude>
    <ClInclude Include="render_framework\frame_buffer.h">
      <Filter>Header Files</Filter>
    </ClInclude>
    <ClInclude Include="render_framework\geometry.h">
      <Filter>Header Files</Filter>
    </ClInclude>
    <ClInclude Include="render_framework\light.h">
      <Filter>Header Files</Filter>
    </ClInclude>
    <ClInclude Include="render_framework\material.h">
      <Filter>Header Files</Filter>
    </ClInclude>
    <ClInclude Include="render_framework\mesh.h">
      <Filter>Header Files</Filter>
    </ClInclude>
    <ClInclude Include="render_framework\model.h">
      <Filter>Header Files</Filter>
    </ClInclude>
    <ClInclude Include="render_framework\post_process.h">
      <Filter>Header Files</Filter>
    </ClInclude>
    <ClInclude Include="render_framework\render_framework.h">
      <Filter>Header Files</Filter>
    </ClInclude>
    <ClInclude Include="render_framework\renderer.h">
      <Filter>Header Files</Filter>
    </ClInclude>
    <ClInclude Include="render_framework\scene.h">
      <Filter>Header Files</Filter>
    </ClInclude>
    <ClInclude Include="render_framework\skybox.h">
      <Filter>Header Files</Filter>
    </ClInclude>
    <ClInclude Include="render_framework\terrain.h">
      <Filter>Header Files</Filter>
    </ClInclude>
    <ClInclude Include="render_framework\texture.h">
      <Filter>Header Files</Filter>
    </ClInclude>
    <ClInclude Include="render_framework\transform.h">
      <Filter>Header Files</Filter>
    </ClInclude>
    <ClInclude Include="render_framework\util.h">
      <Filter>Header Files</Filter>
    </ClInclude>
    <ClInclude Include="render_framework\camera.h">
      <Filter>Header Files</Filter>
    </ClInclude>
    <ClInclude Include="render_framework\content_manager.h">
      <Filter>Header Files</Filter>
    </ClInclude>
  </ItemGroup>
</Project>