<?xml version="1.0" encoding="utf-8"?>
<Project ToolsVersion="4.0" xmlns="http://schemas.microsoft.com/developer/msbuild/2003">
  <ItemGroup>
    <Filter Include="Source Files">
      <UniqueIdentifier>{4FC737F1-C7A5-4376-A066-2A32D752A2FF}</UniqueIdentifier>
      <Extensions>cpp;c;cc;cxx;def;odl;idl;hpj;bat;asm;asmx</Extensions>
    </Filter>
    <Filter Include="Header Files">
      <UniqueIdentifier>{93995380-89BD-4b04-88EB-625FBE52EBFB}</UniqueIdentifier>
      <Extensions>h;hpp;hxx;hm;inl;inc;xsd</Extensions>
    </Filter>
    <Filter Include="Resource Files">
      <UniqueIdentifier>{67DA6AB6-F800-4c08-8B7A-83BB121AAD01}</UniqueIdentifier>
      <Extensions>rc;ico;cur;bmp;dlg;rc2;rct;bin;rgs;gif;jpg;jpeg;jpe;resx;tiff;tif;png;wav;mfcribbon-ms</Extensions>
    </Filter>
  </ItemGroup>
  <ItemGroup>
    <ClCompile Include="stdafx.cpp">
      <Filter>Source Files</Filter>
    </ClCompile>
    <ClCompile Include="coursework.cpp">
      <Filter>Source Files</Filter>
    </ClCompile>
    <ClCompile Include="usercontrols.cpp">
      <Filter>Source Files</Filter>
    </ClCompile>
    <ClCompile Include="scenemanager.cpp">
      <Filter>Source Files</Filter>
    </ClCompile>
    <ClCompile Include="ContentManager.cpp">
      <Filter>Source Files</Filter>
    </ClCompile>
    <ClCompile Include="cameramanager.cpp">
      <Filter>Source Files</Filter>
    </ClCompile>
    <ClCompile Include="CSVparser.cpp">
      <Filter>Source Files</Filter>
    </ClCompile>
    <ClCompile Include="tiny_obj_loader.cc">
      <Filter>Source Files</Filter>
    </ClCompile>
    <ClCompile Include="Prop.cpp">
      <Filter>Source Files</Filter>
    </ClCompile>
    <ClCompile Include="Earth.cpp">
      <Filter>Source Files</Filter>
    </ClCompile>
    <ClCompile Include="Sputnik.cpp">
      <Filter>Source Files</Filter>
    </ClCompile>
    <ClCompile Include="Moon.cpp">
      <Filter>Source Files</Filter>
    </ClCompile>
    <ClCompile Include="Sol.cpp">
      <Filter>Source Files</Filter>
    </ClCompile>
  </ItemGroup>
  <ItemGroup>
    <ClInclude Include="stdafx.h">
      <Filter>Header Files</Filter>
    </ClInclude>
    <ClInclude Include="targetver.h">
      <Filter>Header Files</Filter>
    </ClInclude>
    <ClInclude Include="resource.h">
      <Filter>Header Files</Filter>
    </ClInclude>
    <ClInclude Include="usercontrols.h">
      <Filter>Header Files</Filter>
    </ClInclude>
    <ClInclude Include="scenemanager.h">
      <Filter>Header Files</Filter>
    </ClInclude>
    <ClInclude Include="CameraManager.h">
      <Filter>Header Files</Filter>
    </ClInclude>
    <ClInclude Include="contentmanager.h">
      <Filter>Header Files</Filter>
    </ClInclude>
    <ClInclude Include="CSVparser.hpp">
      <Filter>Header Files</Filter>
    </ClInclude>
    <ClInclude Include="tiny_obj_loader.h">
      <Filter>Header Files</Filter>
    </ClInclude>
    <ClInclude Include="Prop.h">
      <Filter>Header Files</Filter>
    </ClInclude>
    <ClInclude Include="Earth.h">
      <Filter>Header Files</Filter>
    </ClInclude>
    <ClInclude Include="Sputnik.h">
      <Filter>Header Files</Filter>
    </ClInclude>
    <ClInclude Include="Moon.h">
      <Filter>Header Files</Filter>
    </ClInclude>
    <ClInclude Include="Sol.h">
      <Filter>Header Files</Filter>
    </ClInclude>
  </ItemGroup>
  <ItemGroup>
    <Object Include="Earth.obj">
      <Filter>Resource Files</Filter>
    </Object>
    <Object Include="Sputnik.obj">
      <Filter>Resource Files</Filter>
    </Object>
    <Object Include="Moon.obj">
      <Filter>Resource Files</Filter>
    </Object>
  </ItemGroup>
  <ItemGroup>
    <None Include="Earth.vert">
      <Filter>Resource Files</Filter>
    </None>
    <None Include="Sputnik.mtl">
      <Filter>Resource Files</Filter>
    </None>
    <None Include="Earth.frag">
      <Filter>Resource Files</Filter>
    </None>
    <None Include="Earth.mtl">
      <Filter>Resource Files</Filter>
    </None>
    <None Include="proplist.csv">
      <Filter>Resource Files</Filter>
    </None>
    <None Include="Map__24_Composite.tga">
      <Filter>Resource Files</Filter>
    </None>
    <None Include="Map__28_Falloff.tga">
      <Filter>Resource Files</Filter>
    </None>
    <None Include="moon.mtl">
      <Filter>Resource Files</Filter>
    </None>
    <None Include="Moon.frag">
      <Filter>Resource Files</Filter>
    </None>
    <None Include="Moon.vert">
      <Filter>Resource Files</Filter>
    </None>
    <None Include="Sputnik.frag">
      <Filter>Resource Files</Filter>
    </None>
    <None Include="Sputnik.vert">
      <Filter>Resource Files</Filter>
    </None>
    <None Include="sky_box.frag">
      <Filter>Resource Files</Filter>
    </None>
    <None Include="sky_box.vert">
      <Filter>Resource Files</Filter>
    </None>
    <None Include="Atmosphere.vert">
      <Filter>Resource Files</Filter>
    </None>
    <None Include="Clouds.frag">
      <Filter>Resource Files</Filter>
    </None>
    <None Include="Clouds.vert">
      <Filter>Resource Files</Filter>
    </None>
    <None Include="Atmosphere.frag">
      <Filter>Resource Files</Filter>
    </None>
    <None Include="display.frag">
      <Filter>Resource Files</Filter>
    </None>
    <None Include="display.vert">
      <Filter>Resource Files</Filter>
    </None>
    <None Include="grey.frag">
      <Filter>Resource Files</Filter>
    </None>
    <None Include="pixelate.frag">
      <Filter>Resource Files</Filter>
    </None>
    <None Include="sin.vert">
      <Filter>Resource Files</Filter>
    </None>
    <None Include="sin.frag">
      <Filter>Resource Files</Filter>
    </None>
  </ItemGroup>
  <ItemGroup>
    <Image Include="Earth-specularmap.jpg">
      <Filter>Resource Files</Filter>
    </Image>
    <Image Include="sputnik.jpg">
      <Filter>Resource Files</Filter>
    </Image>
    <Image Include="Earth.png">
      <Filter>Resource Files</Filter>
    </Image>
    <Image Include="Earth-bumpmap.jpg">
      <Filter>Resource Files</Filter>
    </Image>
    <Image Include="Earth-cloud.jpg">
      <Filter>Resource Files</Filter>
    </Image>
    <Image Include="moon.png">
      <Filter>Resource Files</Filter>
    </Image>
    <Image Include="moon_normal.jpg">
      <Filter>Resource Files</Filter>
    </Image>
  </ItemGroup>
</Project>